Microsoft Visual Studio Solution File, Format Version 12.00
# Visual Studio 2012
Project("{FAE04EC0-301F-11D3-BF4B-00C04F79EFBC}") = "Fps 2", "Fps 2.csproj", "{076C870F-1045-4B32-9822-D0ED6787F173}"
EndProject
Global
	GlobalSection(SolutionConfigurationPlatforms) = preSolution
	Debug|Any CPU = Debug|Any CPU
	ExportDebug|Any CPU = ExportDebug|Any CPU
	ExportRelease|Any CPU = ExportRelease|Any CPU
	EndGlobalSection
	GlobalSection(ProjectConfigurationPlatforms) = postSolution
		{076C870F-1045-4B32-9822-D0ED6787F173}.Debug|Any CPU.ActiveCfg = Debug|Any CPU
		{076C870F-1045-4B32-9822-D0ED6787F173}.Debug|Any CPU.Build.0 = Debug|Any CPU
		{076C870F-1045-4B32-9822-D0ED6787F173}.ExportDebug|Any CPU.ActiveCfg = ExportDebug|Any CPU
		{076C870F-1045-4B32-9822-D0ED6787F173}.ExportDebug|Any CPU.Build.0 = ExportDebug|Any CPU
		{076C870F-1045-4B32-9822-D0ED6787F173}.ExportRelease|Any CPU.ActiveCfg = ExportRelease|Any CPU
		{076C870F-1045-4B32-9822-D0ED6787F173}.ExportRelease|Any CPU.Build.0 = ExportRelease|Any CPU
	EndGlobalSection
EndGlobal
